[[package]]
category = "main"
description = "A thread-safe version of Tkinter for Python3."
name = "threadsafe-tkinter"
optional = false
python-versions = "*"
version = "1.0.2"

[metadata]
content-hash = "07c606337a2b81b52f78cfede713d295c244e4db7b5af8cbce149e199c4ed339"
python-versions = "^3.8"

[metadata.files]
threadsafe-tkinter = [
    {file = "threadsafe_tkinter-1.0.2-py3-none-any.whl", hash = "sha256:3b166f4591bda1ea4ec03d2c1ae4e30fda116dd5d375d7416ed1b62d83d5bdba"},
    {file = "threadsafe_tkinter-1.0.2-py3.5.egg", hash = "sha256:0a983f2765331145f226738268770c0cd395bcdfce40b0f632cea770fc82f61a"},
]
